
Microsoft Visual Studio Solution File, Format Version 12.00
# Visual Studio Version 16
VisualStudioVersion = 16.0.29709.97
MinimumVisualStudioVersion = 10.0.40219.1
Project("{9A19103F-16F7-4668-BE54-9A1E7A4F7556}") = "bank", "bank.csproj", "{578DC725-F343-42F4-9AA6-9CE25D175555}"
EndProject
Global
	GlobalSection(SolutionConfigurationPlatforms) = preSolution
		Debug|Any CPU = Debug|Any CPU
		Release|Any CPU = Release|Any CPU
	EndGlobalSection
	GlobalSection(ProjectConfigurationPlatforms) = postSolution
		{578DC725-F343-42F4-9AA6-9CE25D175555}.Debug|Any CPU.ActiveCfg = Debug|Any CPU
		{578DC725-F343-42F4-9AA6-9CE25D175555}.Debug|Any CPU.Build.0 = Debug|Any CPU
		{578DC725-F343-42F4-9AA6-9CE25D175555}.Release|Any CPU.ActiveCfg = Release|Any CPU
		{578DC725-F343-42F4-9AA6-9CE25D175555}.Release|Any CPU.Build.0 = Release|Any CPU
	EndGlobalSection
	GlobalSection(SolutionProperties) = preSolution
		HideSolutionNode = FALSE
	EndGlobalSection
	GlobalSection(ExtensibilityGlobals) = postSolution
		SolutionGuid = {A3B908CE-3189-4627-B5D3-A97D7654D860}
	EndGlobalSection
EndGlobal
