
Microsoft Visual Studio Solution File, Format Version 12.00
# Visual Studio Version 16
VisualStudioVersion = 16.0.29709.97
MinimumVisualStudioVersion = 10.0.40219.1
Project("{9A19103F-16F7-4668-BE54-9A1E7A4F7556}") = "assignment2", "assignment2\assignment2.csproj", "{2CE1CA72-A1AF-450B-ACA8-F9006067314B}"
EndProject
Global
	GlobalSection(SolutionConfigurationPlatforms) = preSolution
		Debug|Any CPU = Debug|Any CPU
		Release|Any CPU = Release|Any CPU
	EndGlobalSection
	GlobalSection(ProjectConfigurationPlatforms) = postSolution
		{2CE1CA72-A1AF-450B-ACA8-F9006067314B}.Debug|Any CPU.ActiveCfg = Debug|Any CPU
		{2CE1CA72-A1AF-450B-ACA8-F9006067314B}.Debug|Any CPU.Build.0 = Debug|Any CPU
		{2CE1CA72-A1AF-450B-ACA8-F9006067314B}.Release|Any CPU.ActiveCfg = Release|Any CPU
		{2CE1CA72-A1AF-450B-ACA8-F9006067314B}.Release|Any CPU.Build.0 = Release|Any CPU
	EndGlobalSection
	GlobalSection(SolutionProperties) = preSolution
		HideSolutionNode = FALSE
	EndGlobalSection
	GlobalSection(ExtensibilityGlobals) = postSolution
		SolutionGuid = {E323B8C1-85D9-4D4F-9251-4A6964C79951}
	EndGlobalSection
EndGlobal
